
Microsoft Visual Studio Solution File, Format Version 12.00
# Visual Studio Version 17
VisualStudioVersion = 17.0.31903.59
MinimumVisualStudioVersion = 10.0.40219.1
Project("{2150E333-8FDC-42A3-9474-1A3956D46DE8}") = "src", "src", "{827E0CD3-B72D-47B6-A68D-7590B98EB39B}"
EndProject
Project("{FAE04EC0-301F-11D3-BF4B-00C04F79EFBC}") = "SmartEvent.Core", "src\SmartEvent.Core\SmartEvent.Core.csproj", "{ABE270B5-5442-43A8-9E15-A72C48D8F8A2}"
EndProject
Project("{FAE04EC0-301F-11D3-BF4B-00C04F79EFBC}") = "SmartEvent.Infrastructure.Data", "src\SmartEvent.Infrastructure.Data\SmartEvent.Infrastructure.Data.csproj", "{BA4C9B44-91A3-4963-B518-ED6D43517B57}"
EndProject
Project("{2150E333-8FDC-42A3-9474-1A3956D46DE8}") = "tests", "tests", "{0AB3BF05-4346-4AA6-1389-037BE0695223}"
EndProject
Project("{FAE04EC0-301F-11D3-BF4B-00C04F79EFBC}") = "SmartEvent.PruebasIntegracion", "tests\SmartEvent.PruebasIntegracion\SmartEvent.PruebasIntegracion.csproj", "{09D71E75-39E8-4A84-9207-DEDB6095E926}"
EndProject
Project("{FAE04EC0-301F-11D3-BF4B-00C04F79EFBC}") = "SmartEvent.Application", "src\SmartEvent.Application\SmartEvent.Application.csproj", "{CF00417D-94D1-4962-8473-D81CED9D83DE}"
EndProject
Project("{FAE04EC0-301F-11D3-BF4B-00C04F79EFBC}") = "SmartEvent.Infrastructure.Integrations", "src\SmartEvent.Infrastructure.Integrations\SmartEvent.Infrastructure.Integrations.csproj", "{EB666624-12FB-4FF7-B628-397EBBE61C4D}"
EndProject
Project("{FAE04EC0-301F-11D3-BF4B-00C04F79EFBC}") = "SmartEvent.UI", "src\SmartEvent.UI\SmartEvent.UI.csproj", "{D64DA103-B2E2-42FB-82AB-D8AAC61A2ED5}"
EndProject
Global
	GlobalSection(SolutionConfigurationPlatforms) = preSolution
		Debug|Any CPU = Debug|Any CPU
		Debug|x64 = Debug|x64
		Debug|x86 = Debug|x86
		Release|Any CPU = Release|Any CPU
		Release|x64 = Release|x64
		Release|x86 = Release|x86
	EndGlobalSection
	GlobalSection(ProjectConfigurationPlatforms) = postSolution
		{ABE270B5-5442-43A8-9E15-A72C48D8F8A2}.Debug|Any CPU.ActiveCfg = Debug|Any CPU
		{ABE270B5-5442-43A8-9E15-A72C48D8F8A2}.Debug|Any CPU.Build.0 = Debug|Any CPU
		{ABE270B5-5442-43A8-9E15-A72C48D8F8A2}.Debug|x64.ActiveCfg = Debug|Any CPU
		{ABE270B5-5442-43A8-9E15-A72C48D8F8A2}.Debug|x64.Build.0 = Debug|Any CPU
		{ABE270B5-5442-43A8-9E15-A72C48D8F8A2}.Debug|x86.ActiveCfg = Debug|Any CPU
		{ABE270B5-5442-43A8-9E15-A72C48D8F8A2}.Debug|x86.Build.0 = Debug|Any CPU
		{ABE270B5-5442-43A8-9E15-A72C48D8F8A2}.Release|Any CPU.ActiveCfg = Release|Any CPU
		{ABE270B5-5442-43A8-9E15-A72C48D8F8A2}.Release|Any CPU.Build.0 = Release|Any CPU
		{ABE270B5-5442-43A8-9E15-A72C48D8F8A2}.Release|x64.ActiveCfg = Release|Any CPU
		{ABE270B5-5442-43A8-9E15-A72C48D8F8A2}.Release|x64.Build.0 = Release|Any CPU
		{ABE270B5-5442-43A8-9E15-A72C48D8F8A2}.Release|x86.ActiveCfg = Release|Any CPU
		{ABE270B5-5442-43A8-9E15-A72C48D8F8A2}.Release|x86.Build.0 = Release|Any CPU
		{BA4C9B44-91A3-4963-B518-ED6D43517B57}.Debug|Any CPU.ActiveCfg = Debug|Any CPU
		{BA4C9B44-91A3-4963-B518-ED6D43517B57}.Debug|Any CPU.Build.0 = Debug|Any CPU
		{BA4C9B44-91A3-4963-B518-ED6D43517B57}.Debug|x64.ActiveCfg = Debug|Any CPU
		{BA4C9B44-91A3-4963-B518-ED6D43517B57}.Debug|x64.Build.0 = Debug|Any CPU
		{BA4C9B44-91A3-4963-B518-ED6D43517B57}.Debug|x86.ActiveCfg = Debug|Any CPU
		{BA4C9B44-91A3-4963-B518-ED6D43517B57}.Debug|x86.Build.0 = Debug|Any CPU
		{BA4C9B44-91A3-4963-B518-ED6D43517B57}.Release|Any CPU.ActiveCfg = Release|Any CPU
		{BA4C9B44-91A3-4963-B518-ED6D43517B57}.Release|Any CPU.Build.0 = Release|Any CPU
		{BA4C9B44-91A3-4963-B518-ED6D43517B57}.Release|x64.ActiveCfg = Release|Any CPU
		{BA4C9B44-91A3-4963-B518-ED6D43517B57}.Release|x64.Build.0 = Release|Any CPU
		{BA4C9B44-91A3-4963-B518-ED6D43517B57}.Release|x86.ActiveCfg = Release|Any CPU
		{BA4C9B44-91A3-4963-B518-ED6D43517B57}.Release|x86.Build.0 = Release|Any CPU
		{09D71E75-39E8-4A84-9207-DEDB6095E926}.Debug|Any CPU.ActiveCfg = Debug|Any CPU
		{09D71E75-39E8-4A84-9207-DEDB6095E926}.Debug|Any CPU.Build.0 = Debug|Any CPU
		{09D71E75-39E8-4A84-9207-DEDB6095E926}.Debug|x64.ActiveCfg = Debug|Any CPU
		{09D71E75-39E8-4A84-9207-DEDB6095E926}.Debug|x64.Build.0 = Debug|Any CPU
		{09D71E75-39E8-4A84-9207-DEDB6095E926}.Debug|x86.ActiveCfg = Debug|Any CPU
		{09D71E75-39E8-4A84-9207-DEDB6095E926}.Debug|x86.Build.0 = Debug|Any CPU
		{09D71E75-39E8-4A84-9207-DEDB6095E926}.Release|Any CPU.ActiveCfg = Release|Any CPU
		{09D71E75-39E8-4A84-9207-DEDB6095E926}.Release|Any CPU.Build.0 = Release|Any CPU
		{09D71E75-39E8-4A84-9207-DEDB6095E926}.Release|x64.ActiveCfg = Release|Any CPU
		{09D71E75-39E8-4A84-9207-DEDB6095E926}.Release|x64.Build.0 = Release|Any CPU
		{09D71E75-39E8-4A84-9207-DEDB6095E926}.Release|x86.ActiveCfg = Release|Any CPU
		{09D71E75-39E8-4A84-9207-DEDB6095E926}.Release|x86.Build.0 = Release|Any CPU
		{CF00417D-94D1-4962-8473-D81CED9D83DE}.Debug|Any CPU.ActiveCfg = Debug|Any CPU
		{CF00417D-94D1-4962-8473-D81CED9D83DE}.Debug|Any CPU.Build.0 = Debug|Any CPU
		{CF00417D-94D1-4962-8473-D81CED9D83DE}.Debug|x64.ActiveCfg = Debug|Any CPU
		{CF00417D-94D1-4962-8473-D81CED9D83DE}.Debug|x64.Build.0 = Debug|Any CPU
		{CF00417D-94D1-4962-8473-D81CED9D83DE}.Debug|x86.ActiveCfg = Debug|Any CPU
		{CF00417D-94D1-4962-8473-D81CED9D83DE}.Debug|x86.Build.0 = Debug|Any CPU
		{CF00417D-94D1-4962-8473-D81CED9D83DE}.Release|Any CPU.ActiveCfg = Release|Any CPU
		{CF00417D-94D1-4962-8473-D81CED9D83DE}.Release|Any CPU.Build.0 = Release|Any CPU
		{CF00417D-94D1-4962-8473-D81CED9D83DE}.Release|x64.ActiveCfg = Release|Any CPU
		{CF00417D-94D1-4962-8473-D81CED9D83DE}.Release|x64.Build.0 = Release|Any CPU
		{CF00417D-94D1-4962-8473-D81CED9D83DE}.Release|x86.ActiveCfg = Release|Any CPU
		{CF00417D-94D1-4962-8473-D81CED9D83DE}.Release|x86.Build.0 = Release|Any CPU
		{EB666624-12FB-4FF7-B628-397EBBE61C4D}.Debug|Any CPU.ActiveCfg = Debug|Any CPU
		{EB666624-12FB-4FF7-B628-397EBBE61C4D}.Debug|Any CPU.Build.0 = Debug|Any CPU
		{EB666624-12FB-4FF7-B628-397EBBE61C4D}.Debug|x64.ActiveCfg = Debug|Any CPU
		{EB666624-12FB-4FF7-B628-397EBBE61C4D}.Debug|x64.Build.0 = Debug|Any CPU
		{EB666624-12FB-4FF7-B628-397EBBE61C4D}.Debug|x86.ActiveCfg = Debug|Any CPU
		{EB666624-12FB-4FF7-B628-397EBBE61C4D}.Debug|x86.Build.0 = Debug|Any CPU
		{EB666624-12FB-4FF7-B628-397EBBE61C4D}.Release|Any CPU.ActiveCfg = Release|Any CPU
		{EB666624-12FB-4FF7-B628-397EBBE61C4D}.Release|Any CPU.Build.0 = Release|Any CPU
		{EB666624-12FB-4FF7-B628-397EBBE61C4D}.Release|x64.ActiveCfg = Release|Any CPU
		{EB666624-12FB-4FF7-B628-397EBBE61C4D}.Release|x64.Build.0 = Release|Any CPU
		{EB666624-12FB-4FF7-B628-397EBBE61C4D}.Release|x86.ActiveCfg = Release|Any CPU
		{EB666624-12FB-4FF7-B628-397EBBE61C4D}.Release|x86.Build.0 = Release|Any CPU
		{D64DA103-B2E2-42FB-82AB-D8AAC61A2ED5}.Debug|Any CPU.ActiveCfg = Debug|Any CPU
		{D64DA103-B2E2-42FB-82AB-D8AAC61A2ED5}.Debug|Any CPU.Build.0 = Debug|Any CPU
		{D64DA103-B2E2-42FB-82AB-D8AAC61A2ED5}.Debug|x64.ActiveCfg = Debug|Any CPU
		{D64DA103-B2E2-42FB-82AB-D8AAC61A2ED5}.Debug|x64.Build.0 = Debug|Any CPU
		{D64DA103-B2E2-42FB-82AB-D8AAC61A2ED5}.Debug|x86.ActiveCfg = Debug|Any CPU
		{D64DA103-B2E2-42FB-82AB-D8AAC61A2ED5}.Debug|x86.Build.0 = Debug|Any CPU
		{D64DA103-B2E2-42FB-82AB-D8AAC61A2ED5}.Release|Any CPU.ActiveCfg = Release|Any CPU
		{D64DA103-B2E2-42FB-82AB-D8AAC61A2ED5}.Release|Any CPU.Build.0 = Release|Any CPU
		{D64DA103-B2E2-42FB-82AB-D8AAC61A2ED5}.Release|x64.ActiveCfg = Release|Any CPU
		{D64DA103-B2E2-42FB-82AB-D8AAC61A2ED5}.Release|x64.Build.0 = Release|Any CPU
		{D64DA103-B2E2-42FB-82AB-D8AAC61A2ED5}.Release|x86.ActiveCfg = Release|Any CPU
		{D64DA103-B2E2-42FB-82AB-D8AAC61A2ED5}.Release|x86.Build.0 = Release|Any CPU
	EndGlobalSection
	GlobalSection(SolutionProperties) = preSolution
		HideSolutionNode = FALSE
	EndGlobalSection
	GlobalSection(NestedProjects) = preSolution
		{ABE270B5-5442-43A8-9E15-A72C48D8F8A2} = {827E0CD3-B72D-47B6-A68D-7590B98EB39B}
		{BA4C9B44-91A3-4963-B518-ED6D43517B57} = {827E0CD3-B72D-47B6-A68D-7590B98EB39B}
		{09D71E75-39E8-4A84-9207-DEDB6095E926} = {0AB3BF05-4346-4AA6-1389-037BE0695223}
		{CF00417D-94D1-4962-8473-D81CED9D83DE} = {827E0CD3-B72D-47B6-A68D-7590B98EB39B}
		{EB666624-12FB-4FF7-B628-397EBBE61C4D} = {827E0CD3-B72D-47B6-A68D-7590B98EB39B}
		{D64DA103-B2E2-42FB-82AB-D8AAC61A2ED5} = {827E0CD3-B72D-47B6-A68D-7590B98EB39B}
	EndGlobalSection
EndGlobal
